
Microsoft Visual Studio Solution File, Format Version 12.00
# Visual Studio Version 17
VisualStudioVersion = 17.5.002.0
MinimumVisualStudioVersion = 10.0.40219.1
Project("{9A19103F-16F7-4668-BE54-9A1E7A4F7556}") = "API", "API\API.csproj", "{F7F4BFF9-9FCA-4C62-916A-ADBB4A5D597F}"
EndProject
Global
	GlobalSection(SolutionConfigurationPlatforms) = preSolution
		Debug|Any CPU = Debug|Any CPU
		Release|Any CPU = Release|Any CPU
	EndGlobalSection
	GlobalSection(ProjectConfigurationPlatforms) = postSolution
		{F7F4BFF9-9FCA-4C62-916A-ADBB4A5D597F}.Debug|Any CPU.ActiveCfg = Debug|Any CPU
		{F7F4BFF9-9FCA-4C62-916A-ADBB4A5D597F}.Debug|Any CPU.Build.0 = Debug|Any CPU
		{F7F4BFF9-9FCA-4C62-916A-ADBB4A5D597F}.Release|Any CPU.ActiveCfg = Release|Any CPU
		{F7F4BFF9-9FCA-4C62-916A-ADBB4A5D597F}.Release|Any CPU.Build.0 = Release|Any CPU
	EndGlobalSection
	GlobalSection(SolutionProperties) = preSolution
		HideSolutionNode = FALSE
	EndGlobalSection
	GlobalSection(ExtensibilityGlobals) = postSolution
		SolutionGuid = {EF3BB0DA-5AE3-46C9-8E53-A4B23307B8F6}
	EndGlobalSection
EndGlobal
